Microsoft Visual Studio Solution File, Format Version 12.00
# Visual Studio 15
VisualStudioVersion = 15.0.26124.0
MinimumVisualStudioVersion = 15.0.26124.0
Project("{FAE04EC0-301F-11D3-BF4B-00C04F79EFBC}") = "RtgFacility", "RtgFacility\RtgFacility.csproj", "{57B8A6B2-9804-4A41-8CB2-0714B76FA8FF}"
EndProject
Project("{FAE04EC0-301F-11D3-BF4B-00C04F79EFBC}") = "RtgFacility.Test", "RtgFacility.Test\RtgFacility.Test.csproj", "{27C86B21-8260-4715-93F6-B05CC0BB190C}"
EndProject
Global
	GlobalSection(SolutionConfigurationPlatforms) = preSolution
		Debug|Any CPU = Debug|Any CPU
		Debug|x64 = Debug|x64
		Debug|x86 = Debug|x86
		Release|Any CPU = Release|Any CPU
		Release|x64 = Release|x64
		Release|x86 = Release|x86
	EndGlobalSection
	GlobalSection(SolutionProperties) = preSolution
		HideSolutionNode = FALSE
	EndGlobalSection
	GlobalSection(ProjectConfigurationPlatforms) = postSolution
		{57B8A6B2-9804-4A41-8CB2-0714B76FA8FF}.Debug|Any CPU.ActiveCfg = Debug|Any CPU
		{57B8A6B2-9804-4A41-8CB2-0714B76FA8FF}.Debug|Any CPU.Build.0 = Debug|Any CPU
		{57B8A6B2-9804-4A41-8CB2-0714B76FA8FF}.Debug|x64.ActiveCfg = Debug|Any CPU
		{57B8A6B2-9804-4A41-8CB2-0714B76FA8FF}.Debug|x64.Build.0 = Debug|Any CPU
		{57B8A6B2-9804-4A41-8CB2-0714B76FA8FF}.Debug|x86.ActiveCfg = Debug|Any CPU
		{57B8A6B2-9804-4A41-8CB2-0714B76FA8FF}.Debug|x86.Build.0 = Debug|Any CPU
		{57B8A6B2-9804-4A41-8CB2-0714B76FA8FF}.Release|Any CPU.ActiveCfg = Release|Any CPU
		{57B8A6B2-9804-4A41-8CB2-0714B76FA8FF}.Release|Any CPU.Build.0 = Release|Any CPU
		{57B8A6B2-9804-4A41-8CB2-0714B76FA8FF}.Release|x64.ActiveCfg = Release|Any CPU
		{57B8A6B2-9804-4A41-8CB2-0714B76FA8FF}.Release|x64.Build.0 = Release|Any CPU
		{57B8A6B2-9804-4A41-8CB2-0714B76FA8FF}.Release|x86.ActiveCfg = Release|Any CPU
		{57B8A6B2-9804-4A41-8CB2-0714B76FA8FF}.Release|x86.Build.0 = Release|Any CPU
		{27C86B21-8260-4715-93F6-B05CC0BB190C}.Debug|Any CPU.ActiveCfg = Debug|Any CPU
		{27C86B21-8260-4715-93F6-B05CC0BB190C}.Debug|Any CPU.Build.0 = Debug|Any CPU
		{27C86B21-8260-4715-93F6-B05CC0BB190C}.Debug|x64.ActiveCfg = Debug|Any CPU
		{27C86B21-8260-4715-93F6-B05CC0BB190C}.Debug|x64.Build.0 = Debug|Any CPU
		{27C86B21-8260-4715-93F6-B05CC0BB190C}.Debug|x86.ActiveCfg = Debug|Any CPU
		{27C86B21-8260-4715-93F6-B05CC0BB190C}.Debug|x86.Build.0 = Debug|Any CPU
		{27C86B21-8260-4715-93F6-B05CC0BB190C}.Release|Any CPU.ActiveCfg = Release|Any CPU
		{27C86B21-8260-4715-93F6-B05CC0BB190C}.Release|Any CPU.Build.0 = Release|Any CPU
		{27C86B21-8260-4715-93F6-B05CC0BB190C}.Release|x64.ActiveCfg = Release|Any CPU
		{27C86B21-8260-4715-93F6-B05CC0BB190C}.Release|x64.Build.0 = Release|Any CPU
		{27C86B21-8260-4715-93F6-B05CC0BB190C}.Release|x86.ActiveCfg = Release|Any CPU
		{27C86B21-8260-4715-93F6-B05CC0BB190C}.Release|x86.Build.0 = Release|Any CPU
	EndGlobalSection
EndGlobal
